# This file was autogenerated by Stack.
# You should not edit this file by hand.
# For more information, please see the documentation at:
#   https://docs.haskellstack.org/en/stable/lock_files

packages:
- completed:
    hackage: combinat-0.2.10.0@sha256:adc1dbb532b048e419374e9e89dc4f92c47758300ffe8534a54849266706e53b,5318
    pantry-tree:
      size: 4964
      sha256: 3633e40972d9b3bc12ae75fdeadff558d5bf8293f592245db8bfdbff8c9e22be
  original:
    hackage: combinat-0.2.10.0
- completed:
    hackage: Unique-0.4.7@sha256:2b8442a754c4d10111a37e1c792d9b08316221bae87ec60258bf32ec06b76797,1484
    pantry-tree:
      size: 629
      sha256: d13646a82faec5f204602c52fd6a267cf2688975a5ffd0cec8b9f5e6ad79022d
  original:
    hackage: Unique-0.4.7
- completed:
    hackage: compact-word-vectors-0.2.0.2@sha256:e46c7c3186dafe1ae22434556ddec91af022f2360c57c30a46397758938f3acc,2617
    pantry-tree:
      size: 744
      sha256: 04bb169017c6d066518c6b90938839cf0f1b3352188a4800ffe7b04d79cb2b99
  original:
    hackage: compact-word-vectors-0.2.0.2
- completed:
    hackage: toysolver-0.7.0@sha256:1db00f7d2d4c9904343269ce1418aeb51fdc28c46777684c710f52ba8812d881,27335
    pantry-tree:
      size: 47333
      sha256: 054f1bfe9fe2f2a6d2d7303f51598961aa1ceaf285444dc8f11997f41466b1c6
  original:
    hackage: toysolver-0.7.0@sha256:1db00f7d2d4c9904343269ce1418aeb51fdc28c46777684c710f52ba8812d881,27335
- completed:
    hackage: MIP-0.1.1.0@sha256:01bbc71cbeabb76c8e23a68e351ff1f73cfb841ba105114d34666849de79a24a,4442
    pantry-tree:
      size: 2372
      sha256: 8ebab46228cb93a5960d99192dc51480b0f21792cfa5d8aa75ed0ff511c2cb33
  original:
    hackage: MIP-0.1.1.0@sha256:01bbc71cbeabb76c8e23a68e351ff1f73cfb841ba105114d34666849de79a24a,4442
- completed:
    hackage: OptDir-0.0.4@sha256:7a59a4e225a1ea402b82377c9057cf258e45d9d7913b2edd010f7ae8b9e4f8af,861
    pantry-tree:
      size: 256
      sha256: 1acdb5033f2f1750e622fb4a2bf5f5de5eac9d3129a61c3b92bfed17f64d6607
  original:
    hackage: OptDir-0.0.4@sha256:7a59a4e225a1ea402b82377c9057cf258e45d9d7913b2edd010f7ae8b9e4f8af,861
- completed:
    hackage: bytestring-encoding-0.1.2.0@sha256:e5678542336945984b129039647e4438da8fcf8784d75630a2f8fcb8c4bc91da,1921
    pantry-tree:
      size: 715
      sha256: 9674345d3ddcc61a6409b9a9159d6d03338cb2ca385d434d9acf5f3b8026c404
  original:
    hackage: bytestring-encoding-0.1.2.0@sha256:e5678542336945984b129039647e4438da8fcf8784d75630a2f8fcb8c4bc91da,1921
- completed:
    hackage: finite-field-0.10.0@sha256:f676a7abf829f27fee189036219c0326dce68a435bcdddc26319afff4008d8f4,2164
    pantry-tree:
      size: 633
      sha256: fa3b82854d4112e43eb27e3666bd2e9802d5adf9af20a3a4236b98de12e3c029
  original:
    hackage: finite-field-0.10.0@sha256:f676a7abf829f27fee189036219c0326dce68a435bcdddc26319afff4008d8f4,2164
- completed:
    hackage: pseudo-boolean-0.1.10.0@sha256:c6a8b6c23c84cce8cecb37683755bde54db80b1ca817ce72de772c98d31dae44,2552
    pantry-tree:
      size: 2338
      sha256: 49522cf588f83351c1d98a09ad983e4e1984acb162ef8835f15fbf46659caead
  original:
    hackage: pseudo-boolean-0.1.10.0@sha256:c6a8b6c23c84cce8cecb37683755bde54db80b1ca817ce72de772c98d31dae44,2552
- completed:
    hackage: queue-0.1.2@sha256:4efac395db09637ec7b667dc09b74ff80e0b83452088540e1d1b2ec262f4defa,1312
    pantry-tree:
      size: 413
      sha256: b5b7354ae3452e5ac12db165f0c625c67e02ab6206c8c7a5c2497403e671f70f
  original:
    hackage: queue-0.1.2@sha256:4efac395db09637ec7b667dc09b74ff80e0b83452088540e1d1b2ec262f4defa,1312
- completed:
    hackage: sign-0.4.4@sha256:7f7aa78b78f30b05155ec3709e1549b2f74fb5cec12522e44f10537223e922ea,2088
    pantry-tree:
      size: 473
      sha256: bfcf5672794d720ffcf6b04d12a9c6fcbb23cefde17f9be9d3f0f72e8de6af45
  original:
    hackage: sign-0.4.4@sha256:7f7aa78b78f30b05155ec3709e1549b2f74fb5cec12522e44f10537223e922ea,2088
snapshots:
- completed:
    size: 590100
    url: https://raw.githubusercontent.com/commercialhaskell/stackage-snapshots/master/lts/18/28.yaml
    sha256: 428ec8d5ce932190d3cbe266b9eb3c175cd81e984babf876b64019e2cbe4ea68
  original: lts-18.28
